<?xml version="1.0" encoding="UTF-8" standalone="yes" ?>
<CodeBlocks_project_file>
	<FileVersion major="1" minor="6" />
	<Project>
		<Option title="parcial_1" />
		<Option pch_mode="2" />
		<Option compiler="gcc" />
		<Build>
			<Target title="Debug">
				<Option output="bin/Debug/parcial_1" prefix_auto="1" extension_auto="1" />
				<Option object_output="obj/Debug/" />
				<Option type="1" />
				<Option compiler="gcc" />
				<Compiler>
					<Add option="-g" />
				</Compiler>
			</Target>
			<Target title="Release">
				<Option output="bin/Release/parcial_1" prefix_auto="1" extension_auto="1" />
				<Option object_output="obj/Release/" />
				<Option type="1" />
				<Option compiler="gcc" />
				<Compiler>
					<Add option="-O2" />
				</Compiler>
				<Linker>
					<Add option="-s" />
				</Linker>
			</Target>
		</Build>
		<Compiler>
			<Add option="-Wall" />
		</Compiler>
		<Unit filename="aerolinea.h" />
		<Unit filename="aerolineas.c">
			<Option compilerVar="CC" />
		</Unit>
		<Unit filename="avion.c">
			<Option compilerVar="CC" />
		</Unit>
		<Unit filename="avion.h" />
		<Unit filename="destino.c">
			<Option compilerVar="CC" />
		</Unit>
		<Unit filename="destino.h" />
		<Unit filename="fncionesValidacion.c">
			<Option compilerVar="CC" />
		</Unit>
		<Unit filename="funcionesValidacion.h" />
		<Unit filename="hard.c">
			<Option compilerVar="CC" />
		</Unit>
		<Unit filename="hard.h" />
		<Unit filename="main.c">
			<Option compilerVar="CC" />
		</Unit>
		<Unit filename="tipo.c">
			<Option compilerVar="CC" />
		</Unit>
		<Unit filename="tipo.h" />
		<Unit filename="vuelo.c">
			<Option compilerVar="CC" />
		</Unit>
		<Unit filename="vuelo.h" />
		<Extensions />
	</Project>
</CodeBlocks_project_file>
